{
  "name": "kinlang",
  "version": "0.2.0",
  "lockfileVersion": 3,
  "requires": true,
  "packages": {
    "": {
      "name": "kinlang",
      "version": "0.2.0",
      "license": "Apache-2.0",
      "dependencies": {
        "@kin-lang/kin": "^0.4.3",
        "vscode-languageclient": "^8.1.0",
        "vscode-languageserver": "^8.1.0",
        "vscode-languageserver-textdocument": "^1.0.12"
      },
      "bin": {
        "kin-lsp": "dist/server/main.js"
      },
      "devDependencies": {
        "@types/node": "^24.13.3",
        "@types/vscode": "^1.74.0",
        "typescript": "^5.3.3"
      },
      "engines": {
        "vscode": "^1.74.0"
      }
    },
    "node_modules/@kin-lang/kin": {
      "version": "0.4.3",
      "resolved": "https://registry.npmjs.org/@kin-lang/kin/-/kin-0.4.3.tgz",
      "integrity": "sha512-iCKQo5H6Z99Ns3QL5XLYaqtu+Hj7UnXIKBgoSWmzSc5fT7Z+0tkKrbvO4zvdFnBLeTzwf0UJUmQkqLMGT2Z6Lg==",
      "license": "MIT",
      "dependencies": {
        "chalk": "^5.3.0",
        "commander": "^14.0.0",
        "moment": "^2.30.1",
        "prompt-sync": "^4.2.0"
      },
      "bin": {
        "kin": "dist/bin/kin.js"
      }
    },
    "node_modules/@types/node": {
      "version": "24.13.3",
      "resolved": "https://registry.npmjs.org/@types/node/-/node-24.13.3.tgz",
      "integrity": "sha512-Dh8vAsV36ig5wa9OX4pXvMc9D3Veibfw2wix0CUwYODLD8nkj9UsLjASr49nPg+2eKzxhBV+v7L8pXvT4e639Q==",
      "dev": true,
      "license": "MIT",
      "dependencies": {
        "undici-types": "~7.18.0"
      }
    },
    "node_modules/@types/vscode": {
      "version": "1.125.0",
      "resolved": "https://registry.npmjs.org/@types/vscode/-/vscode-1.125.0.tgz",
      "integrity": "sha512-0icm/ZQAaism87P0ekHqi4/Ju9du+Tm0RUW+y7vqRsxY2cY0FNRX1nAnaW7nT6npPt2tfHiheZ55Zm9UhqonFA==",
      "dev": true,
      "license": "MIT"
    },
    "node_modules/ansi-regex": {
      "version": "4.1.1",
      "resolved": "https://registry.npmjs.org/ansi-regex/-/ansi-regex-4.1.1.tgz",
      "integrity": "sha512-ILlv4k/3f6vfQ4OoP2AGvirOktlQ98ZEL1k9FaQjxa3L1abBgbuTDAdPOpvbGncC0BTVQrl+OM8xZGK6tWXt7g==",
      "license": "MIT",
      "engines": {
        "node": ">=6"
      }
    },
    "node_modules/balanced-match": {
      "version": "1.0.2",
      "resolved": "https://registry.npmjs.org/balanced-match/-/balanced-match-1.0.2.tgz",
      "integrity": "sha512-3oSeUO0TMV67hN1AmbXsK4yaqU7tjiHlbxRDZOpH0KW9+CeX4bRAaX0Anxt0tx2MrpRpWwQaPwIlISEJhYU5Pw==",
      "license": "MIT"
    },
    "node_modules/brace-expansion": {
      "version": "2.1.4",
      "resolved": "https://registry.npmjs.org/brace-expansion/-/brace-expansion-2.1.4.tgz",
      "integrity": "sha512-hGfVzPxthbf3+2yjg/RBs60cB0FhqBS/zvdV/4wn4/BmN0bNMMHPc4V/BbFieqf1TKAGGAHnY4eSjajCl0f2Xg==",
      "license": "MIT",
      "dependencies": {
        "balanced-match": "^1.0.0"
      }
    },
    "node_modules/chalk": {
      "version": "5.6.2",
      "resolved": "https://registry.npmjs.org/chalk/-/chalk-5.6.2.tgz",
      "integrity": "sha512-7NzBL0rN6fMUW+f7A6Io4h40qQlG+xGmtMxfbnH/K7TAtt8JQWVQK+6g0UXKMeVJoyV5EkkNsErQ8pVD3bLHbA==",
      "license": "MIT",
      "engines": {
        "node": "^12.17.0 || ^14.13 || >=16.0.0"
      },
      "funding": {
        "url": "https://github.com/chalk/chalk?sponsor=1"
      }
    },
    "node_modules/commander": {
      "version": "14.0.3",
      "resolved": "https://registry.npmjs.org/commander/-/commander-14.0.3.tgz",
      "integrity": "sha512-H+y0Jo/T1RZ9qPP4Eh1pkcQcLRglraJaSLoyOtHxu6AapkjWVCy2Sit1QQ4x3Dng8qDlSsZEet7g5Pq06MvTgw==",
      "license": "MIT",
      "engines": {
        "node": ">=20"
      }
    },
    "node_modules/minimatch": {
      "version": "5.1.9",
      "resolved": "https://registry.npmjs.org/minimatch/-/minimatch-5.1.9.tgz",
      "integrity": "sha512-7o1wEA2RyMP7Iu7GNba9vc0RWWGACJOCZBJX2GJWip0ikV+wcOsgVuY9uE8CPiyQhkGFSlhuSkZPavN7u1c2Fw==",
      "license": "ISC",
      "dependencies": {
        "brace-expansion": "^2.0.1"
      },
      "engines": {
        "node": ">=10"
      }
    },
    "node_modules/moment": {
      "version": "2.30.1",
      "resolved": "https://registry.npmjs.org/moment/-/moment-2.30.1.tgz",
      "integrity": "sha512-uEmtNhbDOrWPFS+hdjFCBfy9f2YoyzRpwcl+DqpC6taX21FzsTLQVbMV/W7PzNSX6x/bhC1zA3c2UQ5NzH6how==",
      "license": "MIT",
      "engines": {
        "node": "*"
      }
    },
    "node_modules/prompt-sync": {
      "version": "4.2.0",
      "resolved": "https://registry.npmjs.org/prompt-sync/-/prompt-sync-4.2.0.tgz",
      "integrity": "sha512-BuEzzc5zptP5LsgV5MZETjDaKSWfchl5U9Luiu8SKp7iZWD5tZalOxvNcZRwv+d2phNFr8xlbxmFNcRKfJOzJw==",
      "license": "MIT",
      "dependencies": {
        "strip-ansi": "^5.0.0"
      }
    },
    "node_modules/semver": {
      "version": "7.8.5",
      "resolved": "https://registry.npmjs.org/semver/-/semver-7.8.5.tgz",
      "integrity": "sha512-Y7/KDsb8LjooZpwaqGyulO6DQlksgCncchHGk+sZIY4SBvUocMBEFH5Ur1fI4dV+Jvl0w6cjvucaIi40puRioA==",
      "license": "ISC",
      "bin": {
        "semver": "bin/semver.js"
      },
      "engines": {
        "node": ">=10"
      }
    },
    "node_modules/strip-ansi": {
      "version": "5.2.0",
      "resolved": "https://registry.npmjs.org/strip-ansi/-/strip-ansi-5.2.0.tgz",
      "integrity": "sha512-DuRs1gKbBqsMKIZlrffwlug8MHkcnpjs5VPmL1PAh+mA30U0DTotfDZ0d2UUsXpPmPmMMJ6W773MaA3J+lbiWA==",
      "license": "MIT",
      "dependencies": {
        "ansi-regex": "^4.1.0"
      },
      "engines": {
        "node": ">=6"
      }
    },
    "node_modules/typescript": {
      "version": "5.9.3",
      "resolved": "https://registry.npmjs.org/typescript/-/typescript-5.9.3.tgz",
      "integrity": "sha512-jl1vZzPDinLr9eUt3J/t7V6FgNEw9QjvBPdysz9KfQDD41fQrC2Y4vKQdiaUpFT4bXlb1RHhLpp8wtm6M5TgSw==",
      "dev": true,
      "license": "Apache-2.0",
      "bin": {
        "tsc": "bin/tsc",
        "tsserver": "bin/tsserver"
      },
      "engines": {
        "node": ">=14.17"
      }
    },
    "node_modules/undici-types": {
      "version": "7.18.2",
      "resolved": "https://registry.npmjs.org/undici-types/-/undici-types-7.18.2.tgz",
      "integrity": "sha512-AsuCzffGHJybSaRrmr5eHr81mwJU3kjw6M+uprWvCXiNeN9SOGwQ3Jn8jb8m3Z6izVgknn1R0FTCEAP2QrLY/w==",
      "dev": true,
      "license": "MIT"
    },
    "node_modules/vscode-jsonrpc": {
      "version": "8.1.0",
      "resolved": "https://registry.npmjs.org/vscode-jsonrpc/-/vscode-jsonrpc-8.1.0.tgz",
      "integrity": "sha512-6TDy/abTQk+zDGYazgbIPc+4JoXdwC8NHU9Pbn4UJP1fehUyZmM4RHp5IthX7A6L5KS30PRui+j+tbbMMMafdw==",
      "license": "MIT",
      "engines": {
        "node": ">=14.0.0"
      }
    },
    "node_modules/vscode-languageclient": {
      "version": "8.1.0",
      "resolved": "https://registry.npmjs.org/vscode-languageclient/-/vscode-languageclient-8.1.0.tgz",
      "integrity": "sha512-GL4QdbYUF/XxQlAsvYWZRV3V34kOkpRlvV60/72ghHfsYFnS/v2MANZ9P6sHmxFcZKOse8O+L9G7Czg0NUWing==",
      "license": "MIT",
      "dependencies": {
        "minimatch": "^5.1.0",
        "semver": "^7.3.7",
        "vscode-languageserver-protocol": "3.17.3"
      },
      "engines": {
        "vscode": "^1.67.0"
      }
    },
    "node_modules/vscode-languageserver": {
      "version": "8.1.0",
      "resolved": "https://registry.npmjs.org/vscode-languageserver/-/vscode-languageserver-8.1.0.tgz",
      "integrity": "sha512-eUt8f1z2N2IEUDBsKaNapkz7jl5QpskN2Y0G01T/ItMxBxw1fJwvtySGB9QMecatne8jFIWJGWI61dWjyTLQsw==",
      "license": "MIT",
      "dependencies": {
        "vscode-languageserver-protocol": "3.17.3"
      },
      "bin": {
        "installServerIntoExtension": "bin/installServerIntoExtension"
      }
    },
    "node_modules/vscode-languageserver-protocol": {
      "version": "3.17.3",
      "resolved": "https://registry.npmjs.org/vscode-languageserver-protocol/-/vscode-languageserver-protocol-3.17.3.tgz",
      "integrity": "sha512-924/h0AqsMtA5yK22GgMtCYiMdCOtWTSGgUOkgEDX+wk2b0x4sAfLiO4NxBxqbiVtz7K7/1/RgVrVI0NClZwqA==",
      "license": "MIT",
      "dependencies": {
        "vscode-jsonrpc": "8.1.0",
        "vscode-languageserver-types": "3.17.3"
      }
    },
    "node_modules/vscode-languageserver-textdocument": {
      "version": "1.0.12",
      "resolved": "https://registry.npmjs.org/vscode-languageserver-textdocument/-/vscode-languageserver-textdocument-1.0.12.tgz",
      "integrity": "sha512-cxWNPesCnQCcMPeenjKKsOCKQZ/L6Tv19DTRIGuLWe32lyzWhihGVJ/rcckZXJxfdKCFvRLS3fpBIsV/ZGX4zA==",
      "license": "MIT"
    },
    "node_modules/vscode-languageserver-types": {
      "version": "3.17.3",
      "resolved": "https://registry.npmjs.org/vscode-languageserver-types/-/vscode-languageserver-types-3.17.3.tgz",
      "integrity": "sha512-SYU4z1dL0PyIMd4Vj8YOqFvHu7Hz/enbWtpfnVbJHU4Nd1YNYx8u0ennumc6h48GQNeOLxmwySmnADouT/AuZA==",
      "license": "MIT"
    }
  }
}
